// !$*UTF8*$!
{
	archiveVersion = 1;
	classes = {
	};
	objectVersion = 77;
	objects = {

/* Begin PBXBuildFile section */
		88D1C1522DCF703E007ACF51 /* Auth in Frameworks */ = {isa = PBXBuildFile; productRef = 88D1C1512DCF703E007ACF51 /* Auth */; };
		88D1C1542DCF703E007ACF51 /* Functions in Frameworks */ = {isa = PBXBuildFile; productRef = 88D1C1532DCF703E007ACF51 /* Functions */; };
		88D1C1562DCF703E007ACF51 /* PostgREST in Frameworks */ = {isa = PBXBuildFile; productRef = 88D1C1552DCF703E007ACF51 /* PostgREST */; };
		88D1C1582DCF703E007ACF51 /* Realtime in Frameworks */ = {isa = PBXBuildFile; productRef = 88D1C1572DCF703E007ACF51 /* Realtime */; };
		88D1C15A2DCF703E007ACF51 /* Storage in Frameworks */ = {isa = PBXBuildFile; productRef = 88D1C1592DCF703E007ACF51 /* Storage */; };
		88D1C15C2DCF703E007ACF51 /* Supabase in Frameworks */ = {isa = PBXBuildFile; productRef = 88D1C15B2DCF703E007ACF51 /* Supabase */; };
/* End PBXBuildFile section */

/* Begin PBXContainerItemProxy section */
		898DB8F82DBD5B20008AFA3B /* PBXContainerItemProxy */ = {
			isa = PBXContainerItemProxy;
			containerPortal = 898DB8E22DBD5B1F008AFA3B /* Project object */;
			proxyType = 1;
			remoteGlobalIDString = 898DB8E92DBD5B1F008AFA3B;
			remoteInfo = "Still Fresh";
		};
		898DB9022DBD5B20008AFA3B /* PBXContainerItemProxy */ = {
			isa = PBXContainerItemProxy;
			containerPortal = 898DB8E22DBD5B1F008AFA3B /* Project object */;
			proxyType = 1;
			remoteGlobalIDString = 898DB8E92DBD5B1F008AFA3B;
			remoteInfo = "Still Fresh";
		};
/* End PBXContainerItemProxy section */

/* Begin PBXFileReference section */
		898DB8EA2DBD5B1F008AFA3B /* Still Fresh.app */ = {isa = PBXFileReference; explicitFileType = wrapper.application; includeInIndex = 0; path = "Still Fresh.app"; sourceTree = BUILT_PRODUCTS_DIR; };
		898DB8F72DBD5B20008AFA3B /* Still FreshTests.xctest */ = {isa = PBXFileReference; explicitFileType = wrapper.cfbundle; includeInIndex = 0; path = "Still FreshTests.xctest"; sourceTree = BUILT_PRODUCTS_DIR; };
		898DB9012DBD5B20008AFA3B /* Still FreshUITests.xctest */ = {isa = PBXFileReference; explicitFileType = wrapper.cfbundle; includeInIndex = 0; path = "Still FreshUITests.xctest"; sourceTree = BUILT_PRODUCTS_DIR; };
/* End PBXFileReference section */

/* Begin PBXFileSystemSynchronizedRootGroup section */
		898DB8EC2DBD5B1F008AFA3B /* Still Fresh */ = {
			isa = PBXFileSystemSynchronizedRootGroup;
			path = "Still Fresh";
			sourceTree = "<group>";
		};
		898DB8FA2DBD5B20008AFA3B /* Still FreshTests */ = {
			isa = PBXFileSystemSynchronizedRootGroup;
			path = "Still FreshTests";
			sourceTree = "<group>";
		};
		898DB9042DBD5B20008AFA3B /* Still FreshUITests */ = {
			isa = PBXFileSystemSynchronizedRootGroup;
			path = "Still FreshUITests";
			sourceTree = "<group>";
		};
/* End PBXFileSystemSynchronizedRootGroup section */

/* Begin PBXFrameworksBuildPhase section */
		898DB8E72DBD5B1F008AFA3B /* Frameworks */ = {
			isa = PBXFrameworksBuildPhase;
			buildActionMask = 2147483647;
			files = (
				88D1C1562DCF703E007ACF51 /* PostgREST in Frameworks */,
				88D1C1542DCF703E007ACF51 /* Functions in Frameworks */,
				88D1C15C2DCF703E007ACF51 /* Supabase in Frameworks */,
				88D1C1522DCF703E007ACF51 /* Auth in Frameworks */,
				88D1C15A2DCF703E007ACF51 /* Storage in Frameworks */,
				88D1C1582DCF703E007ACF51 /* Realtime in Frameworks */,
			);
			runOnlyForDeploymentPostprocessing = 0;
		};
		898DB8F42DBD5B20008AFA3B /* Frameworks */ = {
			isa = PBXFrameworksBuildPhase;
			buildActionMask = 2147483647;
			files = (
			);
			runOnlyForDeploymentPostprocessing = 0;
		};
		898DB8FE2DBD5B20008AFA3B /* Frameworks */ = {
			isa = PBXFrameworksBuildPhase;
			buildActionMask = 2147483647;
			files = (
			);
			runOnlyForDeploymentPostprocessing = 0;
		};
/* End PBXFrameworksBuildPhase section */

/* Begin PBXGroup section */
		898DB8E12DBD5B1F008AFA3B = {
			isa = PBXGroup;
			children = (
				898DB8EC2DBD5B1F008AFA3B /* Still Fresh */,
				898DB8FA2DBD5B20008AFA3B /* Still FreshTests */,
				898DB9042DBD5B20008AFA3B /* Still FreshUITests */,
				898DB8EB2DBD5B1F008AFA3B /* Products */,
			);
			sourceTree = "<group>";
		};
		898DB8EB2DBD5B1F008AFA3B /* Products */ = {
			isa = PBXGroup;
			children = (
				898DB8EA2DBD5B1F008AFA3B /* Still Fresh.app */,
				898DB8F72DBD5B20008AFA3B /* Still FreshTests.xctest */,
				898DB9012DBD5B20008AFA3B /* Still FreshUITests.xctest */,
			);
			name = Products;
			sourceTree = "<group>";
		};
/* End PBXGroup section */

/* Begin PBXNativeTarget section */
		898DB8E92DBD5B1F008AFA3B /* Still Fresh */ = {
			isa = PBXNativeTarget;
			buildConfigurationList = 898DB90B2DBD5B20008AFA3B /* Build configuration list for PBXNativeTarget "Still Fresh" */;
			buildPhases = (
				898DB8E62DBD5B1F008AFA3B /* Sources */,
				898DB8E72DBD5B1F008AFA3B /* Frameworks */,
				898DB8E82DBD5B1F008AFA3B /* Resources */,
			);
			buildRules = (
			);
			dependencies = (
			);
			fileSystemSynchronizedGroups = (
				898DB8EC2DBD5B1F008AFA3B /* Still Fresh */,
			);
			name = "Still Fresh";
			packageProductDependencies = (
				88D1C1512DCF703E007ACF51 /* Auth */,
				88D1C1532DCF703E007ACF51 /* Functions */,
				88D1C1552DCF703E007ACF51 /* PostgREST */,
				88D1C1572DCF703E007ACF51 /* Realtime */,
				88D1C1592DCF703E007ACF51 /* Storage */,
				88D1C15B2DCF703E007ACF51 /* Supabase */,
			);
			productName = "Still Fresh";
			productReference = 898DB8EA2DBD5B1F008AFA3B /* Still Fresh.app */;
			productType = "com.apple.product-type.application";
		};
		898DB8F62DBD5B20008AFA3B /* Still FreshTests */ = {
			isa = PBXNativeTarget;
			buildConfigurationList = 898DB90E2DBD5B20008AFA3B /* Build configuration list for PBXNativeTarget "Still FreshTests" */;
			buildPhases = (
				898DB8F32DBD5B20008AFA3B /* Sources */,
				898DB8F42DBD5B20008AFA3B /* Frameworks */,
				898DB8F52DBD5B20008AFA3B /* Resources */,
			);
			buildRules = (
			);
			dependencies = (
				898DB8F92DBD5B20008AFA3B /* PBXTargetDependency */,
			);
			fileSystemSynchronizedGroups = (
				898DB8FA2DBD5B20008AFA3B /* Still FreshTests */,
			);
			name = "Still FreshTests";
			packageProductDependencies = (
			);
			productName = "Still FreshTests";
			productReference = 898DB8F72DBD5B20008AFA3B /* Still FreshTests.xctest */;
			productType = "com.apple.product-type.bundle.unit-test";
		};
		898DB9002DBD5B20008AFA3B /* Still FreshUITests */ = {
			isa = PBXNativeTarget;
			buildConfigurationList = 898DB9112DBD5B20008AFA3B /* Build configuration list for PBXNativeTarget "Still FreshUITests" */;
			buildPhases = (
				898DB8FD2DBD5B20008AFA3B /* Sources */,
				898DB8FE2DBD5B20008AFA3B /* Frameworks */,
				898DB8FF2DBD5B20008AFA3B /* Resources */,
			);
			buildRules = (
			);
			dependencies = (
				898DB9032DBD5B20008AFA3B /* PBXTargetDependency */,
			);
			fileSystemSynchronizedGroups = (
				898DB9042DBD5B20008AFA3B /* Still FreshUITests */,
			);
			name = "Still FreshUITests";
			packageProductDependencies = (
			);
			productName = "Still FreshUITests";
			productReference = 898DB9012DBD5B20008AFA3B /* Still FreshUITests.xctest */;
			productType = "com.apple.product-type.bundle.ui-testing";
		};
/* End PBXNativeTarget section */

/* Begin PBXProject section */
		898DB8E22DBD5B1F008AFA3B /* Project object */ = {
			isa = PBXProject;
			attributes = {
				BuildIndependentTargetsInParallel = 1;
				LastSwiftUpdateCheck = 1630;
				LastUpgradeCheck = 1630;
				TargetAttributes = {
					898DB8E92DBD5B1F008AFA3B = {
						CreatedOnToolsVersion = 16.3;
					};
					898DB8F62DBD5B20008AFA3B = {
						CreatedOnToolsVersion = 16.3;
						TestTargetID = 898DB8E92DBD5B1F008AFA3B;
					};
					898DB9002DBD5B20008AFA3B = {
						CreatedOnToolsVersion = 16.3;
						TestTargetID = 898DB8E92DBD5B1F008AFA3B;
					};
				};
			};
			buildConfigurationList = 898DB8E52DBD5B1F008AFA3B /* Build configuration list for PBXProject "Still Fresh" */;
			developmentRegion = en;
			hasScannedForEncodings = 0;
			knownRegions = (
				en,
				Base,
			);
			mainGroup = 898DB8E12DBD5B1F008AFA3B;
			minimizedProjectReferenceProxies = 1;
			packageReferences = (
				88D1C1502DCF6EF8007ACF51 /* XCRemoteSwiftPackageReference "supabase-swift" */,
			);
			preferredProjectObjectVersion = 77;
			productRefGroup = 898DB8EB2DBD5B1F008AFA3B /* Products */;
			projectDirPath = "";
			projectRoot = "";
			targets = (
				898DB8E92DBD5B1F008AFA3B /* Still Fresh */,
				898DB8F62DBD5B20008AFA3B /* Still FreshTests */,
				898DB9002DBD5B20008AFA3B /* Still FreshUITests */,
			);
		};
/* End PBXProject section */

/* Begin PBXResourcesBuildPhase section */
		898DB8E82DBD5B1F008AFA3B /* Resources */ = {
			isa = PBXResourcesBuildPhase;
			buildActionMask = 2147483647;
			files = (
			);
			runOnlyForDeploymentPostprocessing = 0;
		};
		898DB8F52DBD5B20008AFA3B /* Resources */ = {
			isa = PBXResourcesBuildPhase;
			buildActionMask = 2147483647;
			files = (
			);
			runOnlyForDeploymentPostprocessing = 0;
		};
		898DB8FF2DBD5B20008AFA3B /* Resources */ = {
			isa = PBXResourcesBuildPhase;
			buildActionMask = 2147483647;
			files = (
			);
			runOnlyForDeploymentPostprocessing = 0;
		};
/* End PBXResourcesBuildPhase section */

/* Begin PBXSourcesBuildPhase section */
		898DB8E62DBD5B1F008AFA3B /* Sources */ = {
			isa = PBXSourcesBuildPhase;
			buildActionMask = 2147483647;
			files = (
			);
			runOnlyForDeploymentPostprocessing = 0;
		};
		898DB8F32DBD5B20008AFA3B /* Sources */ = {
			isa = PBXSourcesBuildPhase;
			buildActionMask = 2147483647;
			files = (
			);
			runOnlyForDeploymentPostprocessing = 0;
		};
		898DB8FD2DBD5B20008AFA3B /* Sources */ = {
			isa = PBXSourcesBuildPhase;
			buildActionMask = 2147483647;
			files = (
			);
			runOnlyForDeploymentPostprocessing = 0;
		};
/* End PBXSourcesBuildPhase section */

/* Begin PBXTargetDependency section */
		898DB8F92DBD5B20008AFA3B /* PBXTargetDependency */ = {
			isa = PBXTargetDependency;
			target = 898DB8E92DBD5B1F008AFA3B /* Still Fresh */;
			targetProxy = 898DB8F82DBD5B20008AFA3B /* PBXContainerItemProxy */;
		};
		898DB9032DBD5B20008AFA3B /* PBXTargetDependency */ = {
			isa = PBXTargetDependency;
			target = 898DB8E92DBD5B1F008AFA3B /* Still Fresh */;
			targetProxy = 898DB9022DBD5B20008AFA3B /* PBXContainerItemProxy */;
		};
/* End PBXTargetDependency section */

/* Begin XCBuildConfiguration section */
		898DB9092DBD5B20008AFA3B /* Debug */ = {
			isa = XCBuildConfiguration;
			buildSettings = {
				ALWAYS_SEARCH_USER_PATHS = NO;
				ASSETCATALOG_COMPILER_GENERATE_SWIFT_ASSET_SYMBOL_EXTENSIONS = YES;
				CLANG_ANALYZER_NONNULL = YES;
				CLANG_ANALYZER_NUMBER_OBJECT_CONVERSION = YES_AGGRESSIVE;
				CLANG_CXX_LANGUAGE_STANDARD = "gnu++20";
				CLANG_ENABLE_MODULES = YES;
				CLANG_ENABLE_OBJC_ARC = YES;
				CLANG_ENABLE_OBJC_WEAK = YES;
				CLANG_WARN_BLOCK_CAPTURE_AUTORELEASING = YES;
				CLANG_WARN_BOOL_CONVERSION = YES;
				CLANG_WARN_COMMA = YES;
				CLANG_WARN_CONSTANT_CONVERSION = YES;
				CLANG_WARN_DEPRECATED_OBJC_IMPLEMENTATIONS = YES;
				CLANG_WARN_DIRECT_OBJC_ISA_USAGE = YES_ERROR;
				CLANG_WARN_DOCUMENTATION_COMMENTS = YES;
				CLANG_WARN_EMPTY_BODY = YES;
				CLANG_WARN_ENUM_CONVERSION = YES;
				CLANG_WARN_INFINITE_RECURSION = YES;
				CLANG_WARN_INT_CONVERSION = YES;
				CLANG_WARN_NON_LITERAL_NULL_CONVERSION = YES;
				CLANG_WARN_OBJC_IMPLICIT_RETAIN_SELF = YES;
				CLANG_WARN_OBJC_LITERAL_CONVERSION = YES;
				CLANG_WARN_OBJC_ROOT_CLASS = YES_ERROR;
				CLANG_WARN_QUOTED_INCLUDE_IN_FRAMEWORK_HEADER = YES;
				CLANG_WARN_RANGE_LOOP_ANALYSIS = YES;
				CLANG_WARN_STRICT_PROTOTYPES = YES;
				CLANG_WARN_SUSPICIOUS_MOVE = YES;
				CLANG_WARN_UNGUARDED_AVAILABILITY = YES_AGGRESSIVE;
				CLANG_WARN_UNREACHABLE_CODE = YES;
				CLANG_WARN__DUPLICATE_METHOD_MATCH = YES;
				COPY_PHASE_STRIP = NO;
				DEBUG_INFORMATION_FORMAT = dwarf;
				DEVELOPMENT_TEAM = R4GG368RQS;
				ENABLE_STRICT_OBJC_MSGSEND = YES;
				ENABLE_TESTABILITY = YES;
				ENABLE_USER_SCRIPT_SANDBOXING = YES;
				GCC_C_LANGUAGE_STANDARD = gnu17;
				GCC_DYNAMIC_NO_PIC = NO;
				GCC_NO_COMMON_BLOCKS = YES;
				GCC_OPTIMIZATION_LEVEL = 0;
				GCC_PREPROCESSOR_DEFINITIONS = (
					"DEBUG=1",
					"$(inherited)",
				);
				GCC_WARN_64_TO_32_BIT_CONVERSION = YES;
				GCC_WARN_ABOUT_RETURN_TYPE = YES_ERROR;
				GCC_WARN_UNDECLARED_SELECTOR = YES;
				GCC_WARN_UNINITIALIZED_AUTOS = YES_AGGRESSIVE;
				GCC_WARN_UNUSED_FUNCTION = YES;
				GCC_WARN_UNUSED_VARIABLE = YES;
				IPHONEOS_DEPLOYMENT_TARGET = 18.4;
				LOCALIZATION_PREFERS_STRING_CATALOGS = YES;
				MTL_ENABLE_DEBUG_INFO = INCLUDE_SOURCE;
				MTL_FAST_MATH = YES;
				ONLY_ACTIVE_ARCH = YES;
				SDKROOT = iphoneos;
				SWIFT_ACTIVE_COMPILATION_CONDITIONS = "DEBUG $(inherited)";
				SWIFT_OPTIMIZATION_LEVEL = "-Onone";
			};
			name = Debug;
		};
		898DB90A2DBD5B20008AFA3B /* Release */ = {
			isa = XCBuildConfiguration;
			buildSettings = {
				ALWAYS_SEARCH_USER_PATHS = NO;
				ASSETCATALOG_COMPILER_GENERATE_SWIFT_ASSET_SYMBOL_EXTENSIONS = YES;
				CLANG_ANALYZER_NONNULL = YES;
				CLANG_ANALYZER_NUMBER_OBJECT_CONVERSION = YES_AGGRESSIVE;
				CLANG_CXX_LANGUAGE_STANDARD = "gnu++20";
				CLANG_ENABLE_MODULES = YES;
				CLANG_ENABLE_OBJC_ARC = YES;
				CLANG_ENABLE_OBJC_WEAK = YES;
				CLANG_WARN_BLOCK_CAPTURE_AUTORELEASING = YES;
				CLANG_WARN_BOOL_CONVERSION = YES;
				CLANG_WARN_COMMA = YES;
				CLANG_WARN_CONSTANT_CONVERSION = YES;
				CLANG_WARN_DEPRECATED_OBJC_IMPLEMENTATIONS = YES;
				CLANG_WARN_DIRECT_OBJC_ISA_USAGE = YES_ERROR;
				CLANG_WARN_DOCUMENTATION_COMMENTS = YES;
				CLANG_WARN_EMPTY_BODY = YES;
				CLANG_WARN_ENUM_CONVERSION = YES;
				CLANG_WARN_INFINITE_RECURSION = YES;
				CLANG_WARN_INT_CONVERSION = YES;
				CLANG_WARN_NON_LITERAL_NULL_CONVERSION = YES;
				CLANG_WARN_OBJC_IMPLICIT_RETAIN_SELF = YES;
				CLANG_WARN_OBJC_LITERAL_CONVERSION = YES;
				CLANG_WARN_OBJC_ROOT_CLASS = YES_ERROR;
				CLANG_WARN_QUOTED_INCLUDE_IN_FRAMEWORK_HEADER = YES;
				CLANG_WARN_RANGE_LOOP_ANALYSIS = YES;
				CLANG_WARN_STRICT_PROTOTYPES = YES;
				CLANG_WARN_SUSPICIOUS_MOVE = YES;
				CLANG_WARN_UNGUARDED_AVAILABILITY = YES_AGGRESSIVE;
				CLANG_WARN_UNREACHABLE_CODE = YES;
				CLANG_WARN__DUPLICATE_METHOD_MATCH = YES;
				COPY_PHASE_STRIP = NO;
				DEBUG_INFORMATION_FORMAT = "dwarf-with-dsym";
				DEVELOPMENT_TEAM = R4GG368RQS;
				ENABLE_NS_ASSERTIONS = NO;
				ENABLE_STRICT_OBJC_MSGSEND = YES;
				ENABLE_USER_SCRIPT_SANDBOXING = YES;
				GCC_C_LANGUAGE_STANDARD = gnu17;
				GCC_NO_COMMON_BLOCKS = YES;
				GCC_WARN_64_TO_32_BIT_CONVERSION = YES;
				GCC_WARN_ABOUT_RETURN_TYPE = YES_ERROR;
				GCC_WARN_UNDECLARED_SELECTOR = YES;
				GCC_WARN_UNINITIALIZED_AUTOS = YES_AGGRESSIVE;
				GCC_WARN_UNUSED_FUNCTION = YES;
				GCC_WARN_UNUSED_VARIABLE = YES;
				IPHONEOS_DEPLOYMENT_TARGET = 18.4;
				LOCALIZATION_PREFERS_STRING_CATALOGS = YES;
				MTL_ENABLE_DEBUG_INFO = NO;
				MTL_FAST_MATH = YES;
				SDKROOT = iphoneos;
				SWIFT_COMPILATION_MODE = wholemodule;
				VALIDATE_PRODUCT = YES;
			};
			name = Release;
		};
		898DB90C2DBD5B20008AFA3B /* Debug */ = {
			isa = XCBuildConfiguration;
			buildSettings = {
				ASSETCATALOG_COMPILER_APPICON_NAME = AppIcon;
				ASSETCATALOG_COMPILER_GLOBAL_ACCENT_COLOR_NAME = AccentColor;
				ASSETCATALOG_COMPILER_INCLUDE_ALL_APPICON_ASSETS = YES;
				CODE_SIGN_ENTITLEMENTS = "Still Fresh/Still Fresh.entitlements";
				CODE_SIGN_STYLE = Automatic;
				CURRENT_PROJECT_VERSION = 1;
				DEVELOPMENT_TEAM = R4GG368RQS;
				ENABLE_PREVIEWS = YES;
				GENERATE_INFOPLIST_FILE = YES;
				INFOPLIST_FILE = "Still-Fresh-Info.plist";
				INFOPLIST_KEY_CFBundleDisplayName = "Still Fresh?";
				INFOPLIST_KEY_LSApplicationCategoryType = "public.app-category.food-and-drink";
				INFOPLIST_KEY_NSCameraUsageDescription = "We need acces to your camera to scan receipts";
				INFOPLIST_KEY_UIApplicationSceneManifest_Generation = YES;
				INFOPLIST_KEY_UIApplicationSupportsIndirectInputEvents = YES;
				INFOPLIST_KEY_UILaunchScreen_Generation = YES;
				INFOPLIST_KEY_UISupportedInterfaceOrientations_iPad = "UIInterfaceOrientationPortrait UIInterfaceOrientationPortraitUpsideDown UIInterfaceOrientationLandscapeLeft UIInterfaceOrientationLandscapeRight";
				INFOPLIST_KEY_UISupportedInterfaceOrientations_iPhone = "UIInterfaceOrientationPortrait UIInterfaceOrientationLandscapeLeft UIInterfaceOrientationLandscapeRight";
				LD_RUNPATH_SEARCH_PATHS = (
					"$(inherited)",
					"@executable_path/Frameworks",
				);
				MARKETING_VERSION = 1.0;
				PRODUCT_BUNDLE_IDENTIFIER = "com.stillfresh.Still-Fresh";
				PRODUCT_NAME = "$(TARGET_NAME)";
				SWIFT_EMIT_LOC_STRINGS = YES;
				SWIFT_VERSION = 5.0;
				TARGETED_DEVICE_FAMILY = "1,2";
			};
			name = Debug;
		};
		898DB90D2DBD5B20008AFA3B /* Release */ = {
			isa = XCBuildConfiguration;
			buildSettings = {
				ASSETCATALOG_COMPILER_APPICON_NAME = AppIcon;
				ASSETCATALOG_COMPILER_GLOBAL_ACCENT_COLOR_NAME = AccentColor;
				ASSETCATALOG_COMPILER_INCLUDE_ALL_APPICON_ASSETS = YES;
				CODE_SIGN_ENTITLEMENTS = "Still Fresh/Still Fresh.entitlements";
				CODE_SIGN_STYLE = Automatic;
				CURRENT_PROJECT_VERSION = 1;
				DEVELOPMENT_TEAM = R4GG368RQS;
				ENABLE_PREVIEWS = YES;
				GENERATE_INFOPLIST_FILE = YES;
				INFOPLIST_FILE = "Still-Fresh-Info.plist";
				INFOPLIST_KEY_CFBundleDisplayName = "Still Fresh?";
				INFOPLIST_KEY_LSApplicationCategoryType = "public.app-category.food-and-drink";
				INFOPLIST_KEY_NSCameraUsageDescription = "We need acces to your camera to scan receipts";
				INFOPLIST_KEY_UIApplicationSceneManifest_Generation = YES;
				INFOPLIST_KEY_UIApplicationSupportsIndirectInputEvents = YES;
				INFOPLIST_KEY_UILaunchScreen_Generation = YES;
				INFOPLIST_KEY_UISupportedInterfaceOrientations_iPad = "UIInterfaceOrientationPortrait UIInterfaceOrientationPortraitUpsideDown UIInterfaceOrientationLandscapeLeft UIInterfaceOrientationLandscapeRight";
				INFOPLIST_KEY_UISupportedInterfaceOrientations_iPhone = "UIInterfaceOrientationPortrait UIInterfaceOrientationLandscapeLeft UIInterfaceOrientationLandscapeRight";
				LD_RUNPATH_SEARCH_PATHS = (
					"$(inherited)",
					"@executable_path/Frameworks",
				);
				MARKETING_VERSION = 1.0;
				PRODUCT_BUNDLE_IDENTIFIER = "com.stillfresh.Still-Fresh";
				PRODUCT_NAME = "$(TARGET_NAME)";
				SWIFT_EMIT_LOC_STRINGS = YES;
				SWIFT_VERSION = 5.0;
				TARGETED_DEVICE_FAMILY = "1,2";
			};
			name = Release;
		};
		898DB90F2DBD5B20008AFA3B /* Debug */ = {
			isa = XCBuildConfiguration;
			buildSettings = {
				BUNDLE_LOADER = "$(TEST_HOST)";
				CODE_SIGN_STYLE = Automatic;
				CURRENT_PROJECT_VERSION = 1;
				DEVELOPMENT_TEAM = R4GG368RQS;
				GENERATE_INFOPLIST_FILE = YES;
				IPHONEOS_DEPLOYMENT_TARGET = 18.4;
				MARKETING_VERSION = 1.0;
				PRODUCT_BUNDLE_IDENTIFIER = "com.stillfresh.Still-FreshTests";
				PRODUCT_NAME = "$(TARGET_NAME)";
				SWIFT_EMIT_LOC_STRINGS = NO;
				SWIFT_VERSION = 5.0;
				TARGETED_DEVICE_FAMILY = "1,2";
				TEST_HOST = "$(BUILT_PRODUCTS_DIR)/Still Fresh.app/$(BUNDLE_EXECUTABLE_FOLDER_PATH)/Still Fresh";
			};
			name = Debug;
		};
		898DB9102DBD5B20008AFA3B /* Release */ = {
			isa = XCBuildConfiguration;
			buildSettings = {
				BUNDLE_LOADER = "$(TEST_HOST)";
				CODE_SIGN_STYLE = Automatic;
				CURRENT_PROJECT_VERSION = 1;
				DEVELOPMENT_TEAM = R4GG368RQS;
				GENERATE_INFOPLIST_FILE = YES;
				IPHONEOS_DEPLOYMENT_TARGET = 18.4;
				MARKETING_VERSION = 1.0;
				PRODUCT_BUNDLE_IDENTIFIER = "com.stillfresh.Still-FreshTests";
				PRODUCT_NAME = "$(TARGET_NAME)";
				SWIFT_EMIT_LOC_STRINGS = NO;
				SWIFT_VERSION = 5.0;
				TARGETED_DEVICE_FAMILY = "1,2";
				TEST_HOST = "$(BUILT_PRODUCTS_DIR)/Still Fresh.app/$(BUNDLE_EXECUTABLE_FOLDER_PATH)/Still Fresh";
			};
			name = Release;
		};
		898DB9122DBD5B20008AFA3B /* Debug */ = {
			isa = XCBuildConfiguration;
			buildSettings = {
				CODE_SIGN_STYLE = Automatic;
				CURRENT_PROJECT_VERSION = 1;
				DEVELOPMENT_TEAM = R4GG368RQS;
				GENERATE_INFOPLIST_FILE = YES;
				MARKETING_VERSION = 1.0;
				PRODUCT_BUNDLE_IDENTIFIER = "com.stillfresh.Still-FreshUITests";
				PRODUCT_NAME = "$(TARGET_NAME)";
				SWIFT_EMIT_LOC_STRINGS = NO;
				SWIFT_VERSION = 5.0;
				TARGETED_DEVICE_FAMILY = "1,2";
				TEST_TARGET_NAME = "Still Fresh";
			};
			name = Debug;
		};
		898DB9132DBD5B20008AFA3B /* Release */ = {
			isa = XCBuildConfiguration;
			buildSettings = {
				CODE_SIGN_STYLE = Automatic;
				CURRENT_PROJECT_VERSION = 1;
				DEVELOPMENT_TEAM = R4GG368RQS;
				GENERATE_INFOPLIST_FILE = YES;
				MARKETING_VERSION = 1.0;
				PRODUCT_BUNDLE_IDENTIFIER = "com.stillfresh.Still-FreshUITests";
				PRODUCT_NAME = "$(TARGET_NAME)";
				SWIFT_EMIT_LOC_STRINGS = NO;
				SWIFT_VERSION = 5.0;
				TARGETED_DEVICE_FAMILY = "1,2";
				TEST_TARGET_NAME = "Still Fresh";
			};
			name = Release;
		};
/* End XCBuildConfiguration section */

/* Begin XCConfigurationList section */
		898DB8E52DBD5B1F008AFA3B /* Build configuration list for PBXProject "Still Fresh" */ = {
			isa = XCConfigurationList;
			buildConfigurations = (
				898DB9092DBD5B20008AFA3B /* Debug */,
				898DB90A2DBD5B20008AFA3B /* Release */,
			);
			defaultConfigurationIsVisible = 0;
			defaultConfigurationName = Release;
		};
		898DB90B2DBD5B20008AFA3B /* Build configuration list for PBXNativeTarget "Still Fresh" */ = {
			isa = XCConfigurationList;
			buildConfigurations = (
				898DB90C2DBD5B20008AFA3B /* Debug */,
				898DB90D2DBD5B20008AFA3B /* Release */,
			);
			defaultConfigurationIsVisible = 0;
			defaultConfigurationName = Release;
		};
		898DB90E2DBD5B20008AFA3B /* Build configuration list for PBXNativeTarget "Still FreshTests" */ = {
			isa = XCConfigurationList;
			buildConfigurations = (
				898DB90F2DBD5B20008AFA3B /* Debug */,
				898DB9102DBD5B20008AFA3B /* Release */,
			);
			defaultConfigurationIsVisible = 0;
			defaultConfigurationName = Release;
		};
		898DB9112DBD5B20008AFA3B /* Build configuration list for PBXNativeTarget "Still FreshUITests" */ = {
			isa = XCConfigurationList;
			buildConfigurations = (
				898DB9122DBD5B20008AFA3B /* Debug */,
				898DB9132DBD5B20008AFA3B /* Release */,
			);
			defaultConfigurationIsVisible = 0;
			defaultConfigurationName = Release;
		};
/* End XCConfigurationList section */

/* Begin XCRemoteSwiftPackageReference section */
		88D1C1502DCF6EF8007ACF51 /* XCRemoteSwiftPackageReference "supabase-swift" */ = {
			isa = XCRemoteSwiftPackageReference;
			repositoryURL = "https://github.com/supabase/supabase-swift.git";
			requirement = {
				kind = upToNextMajorVersion;
				minimumVersion = 2.5.1;
			};
		};
/* End XCRemoteSwiftPackageReference section */

/* Begin XCSwiftPackageProductDependency section */
		88D1C1512DCF703E007ACF51 /* Auth */ = {
			isa = XCSwiftPackageProductDependency;
			package = 88D1C1502DCF6EF8007ACF51 /* XCRemoteSwiftPackageReference "supabase-swift" */;
			productName = Auth;
		};
		88D1C1532DCF703E007ACF51 /* Functions */ = {
			isa = XCSwiftPackageProductDependency;
			package = 88D1C1502DCF6EF8007ACF51 /* XCRemoteSwiftPackageReference "supabase-swift" */;
			productName = Functions;
		};
		88D1C1552DCF703E007ACF51 /* PostgREST */ = {
			isa = XCSwiftPackageProductDependency;
			package = 88D1C1502DCF6EF8007ACF51 /* XCRemoteSwiftPackageReference "supabase-swift" */;
			productName = PostgREST;
		};
		88D1C1572DCF703E007ACF51 /* Realtime */ = {
			isa = XCSwiftPackageProductDependency;
			package = 88D1C1502DCF6EF8007ACF51 /* XCRemoteSwiftPackageReference "supabase-swift" */;
			productName = Realtime;
		};
		88D1C1592DCF703E007ACF51 /* Storage */ = {
			isa = XCSwiftPackageProductDependency;
			package = 88D1C1502DCF6EF8007ACF51 /* XCRemoteSwiftPackageReference "supabase-swift" */;
			productName = Storage;
		};
		88D1C15B2DCF703E007ACF51 /* Supabase */ = {
			isa = XCSwiftPackageProductDependency;
			package = 88D1C1502DCF6EF8007ACF51 /* XCRemoteSwiftPackageReference "supabase-swift" */;
			productName = Supabase;
		};
/* End XCSwiftPackageProductDependency section */
	};
	rootObject = 898DB8E22DBD5B1F008AFA3B /* Project object */;
}
